// !$*UTF8*$!
{
	archiveVersion = 1;
	classes = {
	};
	objectVersion = 50;
	objects = {

/* Begin PBXBuildFile section */
		A82A2237215CFFCB00BF3EAE /* AppDelegate.swift in Sources */ = {isa = PBXBuildFile; fileRef = A82A2236215CFFCB00BF3EAE /* AppDelegate.swift */; };
		A82A2239215CFFCB00BF3EAE /* ToDoListViewController.swift in Sources */ = {isa = PBXBuildFile; fileRef = A82A2238215CFFCB00BF3EAE /* ToDoListViewController.swift */; };
		A82A223C215CFFCB00BF3EAE /* Main.storyboard in Resources */ = {isa = PBXBuildFile; fileRef = A82A223A215CFFCB00BF3EAE /* Main.storyboard */; };
		A82A223E215CFFCD00BF3EAE /* Assets.xcassets in Resources */ = {isa = PBXBuildFile; fileRef = A82A223D215CFFCD00BF3EAE /* Assets.xcassets */; };
		A82A2241215CFFCD00BF3EAE /* LaunchScreen.storyboard in Resources */ = {isa = PBXBuildFile; fileRef = A82A223F215CFFCD00BF3EAE /* LaunchScreen.storyboard */; };
		A82A2273215E8D7E00BF3EAE /* CategoryViewController.swift in Sources */ = {isa = PBXBuildFile; fileRef = A82A2272215E8D7E00BF3EAE /* CategoryViewController.swift */; };
		A82A227A2162583600BF3EAE /* Item.swift in Sources */ = {isa = PBXBuildFile; fileRef = A82A22792162583600BF3EAE /* Item.swift */; };
		A82A227C2162584000BF3EAE /* Category.swift in Sources */ = {isa = PBXBuildFile; fileRef = A82A227B2162584000BF3EAE /* Category.swift */; };
		CBE5B10C1D05D47590475DC4 /* Pods_Todoey.framework in Frameworks */ = {isa = PBXBuildFile; fileRef = FFF088C557EC7A6D949F4F75 /* Pods_Todoey.framework */; };
/* End PBXBuildFile section */

/* Begin PBXFileReference section */
		5AA219858165883C3D4D183E /* Pods-Todoey.release.xcconfig */ = {isa = PBXFileReference; includeInIndex = 1; lastKnownFileType = text.xcconfig; name = "Pods-Todoey.release.xcconfig"; path = "Pods/Target Support Files/Pods-Todoey/Pods-Todoey.release.xcconfig"; sourceTree = "<group>"; };
		6D8841F7D27DED28795CF06D /* Pods-Todoey.debug.xcconfig */ = {isa = PBXFileReference; includeInIndex = 1; lastKnownFileType = text.xcconfig; name = "Pods-Todoey.debug.xcconfig"; path = "Pods/Target Support Files/Pods-Todoey/Pods-Todoey.debug.xcconfig"; sourceTree = "<group>"; };
		A82A2233215CFFCB00BF3EAE /* Todoey.app */ = {isa = PBXFileReference; explicitFileType = wrapper.application; includeInIndex = 0; path = Todoey.app; sourceTree = BUILT_PRODUCTS_DIR; };
		A82A2236215CFFCB00BF3EAE /* AppDelegate.swift */ = {isa = PBXFileReference; lastKnownFileType = sourcecode.swift; path = AppDelegate.swift; sourceTree = "<group>"; };
		A82A2238215CFFCB00BF3EAE /* ToDoListViewController.swift */ = {isa = PBXFileReference; lastKnownFileType = sourcecode.swift; path = ToDoListViewController.swift; sourceTree = "<group>"; };
		A82A223B215CFFCB00BF3EAE /* Base */ = {isa = PBXFileReference; lastKnownFileType = file.storyboard; name = Base; path = Base.lproj/Main.storyboard; sourceTree = "<group>"; };
		A82A223D215CFFCD00BF3EAE /* Assets.xcassets */ = {isa = PBXFileReference; lastKnownFileType = folder.assetcatalog; path = Assets.xcassets; sourceTree = "<group>"; };
		A82A2240215CFFCD00BF3EAE /* Base */ = {isa = PBXFileReference; lastKnownFileType = file.storyboard; name = Base; path = Base.lproj/LaunchScreen.storyboard; sourceTree = "<group>"; };
		A82A2242215CFFCD00BF3EAE /* Info.plist */ = {isa = PBXFileReference; lastKnownFileType = text.plist.xml; path = Info.plist; sourceTree = "<group>"; };
		A82A2272215E8D7E00BF3EAE /* CategoryViewController.swift */ = {isa = PBXFileReference; lastKnownFileType = sourcecode.swift; path = CategoryViewController.swift; sourceTree = "<group>"; };
		A82A22792162583600BF3EAE /* Item.swift */ = {isa = PBXFileReference; lastKnownFileType = sourcecode.swift; path = Item.swift; sourceTree = "<group>"; };
		A82A227B2162584000BF3EAE /* Category.swift */ = {isa = PBXFileReference; lastKnownFileType = sourcecode.swift; path = Category.swift; sourceTree = "<group>"; };
		FFF088C557EC7A6D949F4F75 /* Pods_Todoey.framework */ = {isa = PBXFileReference; explicitFileType = wrapper.framework; includeInIndex = 0; path = Pods_Todoey.framework; sourceTree = BUILT_PRODUCTS_DIR; };
/* End PBXFileReference section */

/* Begin PBXFrameworksBuildPhase section */
		A82A2230215CFFCB00BF3EAE /* Frameworks */ = {
			isa = PBXFrameworksBuildPhase;
			buildActionMask = 2147483647;
			files = (
				CBE5B10C1D05D47590475DC4 /* Pods_Todoey.framework in Frameworks */,
			);
			runOnlyForDeploymentPostprocessing = 0;
		};
/* End PBXFrameworksBuildPhase section */

/* Begin PBXGroup section */
		A82A222A215CFFCB00BF3EAE = {
			isa = PBXGroup;
			children = (
				A82A2235215CFFCB00BF3EAE /* Todoey */,
				A82A2234215CFFCB00BF3EAE /* Products */,
				B4329B9A7909016B6D1773C7 /* Pods */,
				EEA19CC8F344D683019B9787 /* Frameworks */,
			);
			sourceTree = "<group>";
		};
		A82A2234215CFFCB00BF3EAE /* Products */ = {
			isa = PBXGroup;
			children = (
				A82A2233215CFFCB00BF3EAE /* Todoey.app */,
			);
			name = Products;
			sourceTree = "<group>";
		};
		A82A2235215CFFCB00BF3EAE /* Todoey */ = {
			isa = PBXGroup;
			children = (
				A82A224A215D1CEA00BF3EAE /* Controller */,
				A82A2249215D1CE600BF3EAE /* View */,
				A82A2248215D1CDE00BF3EAE /* Model */,
				A82A224D215D1D6800BF3EAE /* Supporting files */,
			);
			path = Todoey;
			sourceTree = "<group>";
		};
		A82A2248215D1CDE00BF3EAE /* Model */ = {
			isa = PBXGroup;
			children = (
				A82A227B2162584000BF3EAE /* Category.swift */,
				A82A22792162583600BF3EAE /* Item.swift */,
			);
			path = Model;
			sourceTree = "<group>";
		};
		A82A2249215D1CE600BF3EAE /* View */ = {
			isa = PBXGroup;
			children = (
				A82A223A215CFFCB00BF3EAE /* Main.storyboard */,
				A82A223F215CFFCD00BF3EAE /* LaunchScreen.storyboard */,
			);
			path = View;
			sourceTree = "<group>";
		};
		A82A224A215D1CEA00BF3EAE /* Controller */ = {
			isa = PBXGroup;
			children = (
				A82A2236215CFFCB00BF3EAE /* AppDelegate.swift */,
				A82A2238215CFFCB00BF3EAE /* ToDoListViewController.swift */,
				A82A2272215E8D7E00BF3EAE /* CategoryViewController.swift */,
			);
			path = Controller;
			sourceTree = "<group>";
		};
		A82A224D215D1D6800BF3EAE /* Supporting files */ = {
			isa = PBXGroup;
			children = (
				A82A223D215CFFCD00BF3EAE /* Assets.xcassets */,
				A82A2242215CFFCD00BF3EAE /* Info.plist */,
			);
			path = "Supporting files";
			sourceTree = "<group>";
		};
		B4329B9A7909016B6D1773C7 /* Pods */ = {
			isa = PBXGroup;
			children = (
				6D8841F7D27DED28795CF06D /* Pods-Todoey.debug.xcconfig */,
				5AA219858165883C3D4D183E /* Pods-Todoey.release.xcconfig */,
			);
			name = Pods;
			sourceTree = "<group>";
		};
		EEA19CC8F344D683019B9787 /* Frameworks */ = {
			isa = PBXGroup;
			children = (
				FFF088C557EC7A6D949F4F75 /* Pods_Todoey.framework */,
			);
			name = Frameworks;
			sourceTree = "<group>";
		};
/* End PBXGroup section */

/* Begin PBXNativeTarget section */
		A82A2232215CFFCB00BF3EAE /* Todoey */ = {
			isa = PBXNativeTarget;
			buildConfigurationList = A82A2245215CFFCD00BF3EAE /* Build configuration list for PBXNativeTarget "Todoey" */;
			buildPhases = (
				DE4851F38E5C115118B381DF /* [CP] Check Pods Manifest.lock */,
				A82A222F215CFFCB00BF3EAE /* Sources */,
				A82A2230215CFFCB00BF3EAE /* Frameworks */,
				A82A2231215CFFCB00BF3EAE /* Resources */,
				8FC6D21F572AFDE0272B9E5B /* [CP] Embed Pods Frameworks */,
			);
			buildRules = (
			);
			dependencies = (
			);
			name = Todoey;
			productName = Todoey;
			productReference = A82A2233215CFFCB00BF3EAE /* Todoey.app */;
			productType = "com.apple.product-type.application";
		};
/* End PBXNativeTarget section */

/* Begin PBXProject section */
		A82A222B215CFFCB00BF3EAE /* Project object */ = {
			isa = PBXProject;
			attributes = {
				LastSwiftUpdateCheck = 1000;
				LastUpgradeCheck = 1000;
				ORGANIZATIONNAME = Alexander;
				TargetAttributes = {
					A82A2232215CFFCB00BF3EAE = {
						CreatedOnToolsVersion = 10.0;
					};
				};
			};
			buildConfigurationList = A82A222E215CFFCB00BF3EAE /* Build configuration list for PBXProject "Todoey" */;
			compatibilityVersion = "Xcode 9.3";
			developmentRegion = en;
			hasScannedForEncodings = 0;
			knownRegions = (
				en,
				Base,
			);
			mainGroup = A82A222A215CFFCB00BF3EAE;
			productRefGroup = A82A2234215CFFCB00BF3EAE /* Products */;
			projectDirPath = "";
			projectRoot = "";
			targets = (
				A82A2232215CFFCB00BF3EAE /* Todoey */,
			);
		};
/* End PBXProject section */

/* Begin PBXResourcesBuildPhase section */
		A82A2231215CFFCB00BF3EAE /* Resources */ = {
			isa = PBXResourcesBuildPhase;
			buildActionMask = 2147483647;
			files = (
				A82A2241215CFFCD00BF3EAE /* LaunchScreen.storyboard in Resources */,
				A82A223E215CFFCD00BF3EAE /* Assets.xcassets in Resources */,
				A82A223C215CFFCB00BF3EAE /* Main.storyboard in Resources */,
			);
			runOnlyForDeploymentPostprocessing = 0;
		};
/* End PBXResourcesBuildPhase section */

/* Begin PBXShellScriptBuildPhase section */
		8FC6D21F572AFDE0272B9E5B /* [CP] Embed Pods Frameworks */ = {
			isa = PBXShellScriptBuildPhase;
			buildActionMask = 2147483647;
			files = (
			);
			inputFileListPaths = (
			);
			inputPaths = (
				"${SRCROOT}/Pods/Target Support Files/Pods-Todoey/Pods-Todoey-frameworks.sh",
				"${BUILT_PRODUCTS_DIR}/Realm/Realm.framework",
				"${BUILT_PRODUCTS_DIR}/RealmSwift/RealmSwift.framework",
			);
			name = "[CP] Embed Pods Frameworks";
			outputFileListPaths = (
			);
			outputPaths = (
				"${TARGET_BUILD_DIR}/${FRAMEWORKS_FOLDER_PATH}/Realm.framework",
				"${TARGET_BUILD_DIR}/${FRAMEWORKS_FOLDER_PATH}/RealmSwift.framework",
			);
			runOnlyForDeploymentPostprocessing = 0;
			shellPath = /bin/sh;
			shellScript = "\"${SRCROOT}/Pods/Target Support Files/Pods-Todoey/Pods-Todoey-frameworks.sh\"\n";
			showEnvVarsInLog = 0;
		};
		DE4851F38E5C115118B381DF /* [CP] Check Pods Manifest.lock */ = {
			isa = PBXShellScriptBuildPhase;
			buildActionMask = 2147483647;
			files = (
			);
			inputFileListPaths = (
			);
			inputPaths = (
				"${PODS_PODFILE_DIR_PATH}/Podfile.lock",
				"${PODS_ROOT}/Manifest.lock",
			);
			name = "[CP] Check Pods Manifest.lock";
			outputFileListPaths = (
			);
			outputPaths = (
				"$(DERIVED_FILE_DIR)/Pods-Todoey-checkManifestLockResult.txt",
			);
			runOnlyForDeploymentPostprocessing = 0;
			shellPath = /bin/sh;
			shellScript = "diff \"${PODS_PODFILE_DIR_PATH}/Podfile.lock\" \"${PODS_ROOT}/Manifest.lock\" > /dev/null\nif [ $? != 0 ] ; then\n    # print error to STDERR\n    echo \"error: The sandbox is not in sync with the Podfile.lock. Run 'pod install' or update your CocoaPods installation.\" >&2\n    exit 1\nfi\n# This output is used by Xcode 'outputs' to avoid re-running this script phase.\necho \"SUCCESS\" > \"${SCRIPT_OUTPUT_FILE_0}\"\n";
			showEnvVarsInLog = 0;
		};
/* End PBXShellScriptBuildPhase section */

/* Begin PBXSourcesBuildPhase section */
		A82A222F215CFFCB00BF3EAE /* Sources */ = {
			isa = PBXSourcesBuildPhase;
			buildActionMask = 2147483647;
			files = (
				A82A227A2162583600BF3EAE /* Item.swift in Sources */,
				A82A2273215E8D7E00BF3EAE /* CategoryViewController.swift in Sources */,
				A82A2239215CFFCB00BF3EAE /* ToDoListViewController.swift in Sources */,
				A82A2237215CFFCB00BF3EAE /* AppDelegate.swift in Sources */,
				A82A227C2162584000BF3EAE /* Category.swift in Sources */,
			);
			runOnlyForDeploymentPostprocessing = 0;
		};
/* End PBXSourcesBuildPhase section */

/* Begin PBXVariantGroup section */
		A82A223A215CFFCB00BF3EAE /* Main.storyboard */ = {
			isa = PBXVariantGroup;
			children = (
				A82A223B215CFFCB00BF3EAE /* Base */,
			);
			name = Main.storyboard;
			sourceTree = "<group>";
		};
		A82A223F215CFFCD00BF3EAE /* LaunchScreen.storyboard */ = {
			isa = PBXVariantGroup;
			children = (
				A82A2240215CFFCD00BF3EAE /* Base */,
			);
			name = LaunchScreen.storyboard;
			sourceTree = "<group>";
		};
/* End PBXVariantGroup section */

/* Begin XCBuildConfiguration section */
		A82A2243215CFFCD00BF3EAE /* Debug */ = {
			isa = XCBuildConfiguration;
			buildSettings = {
				ALWAYS_SEARCH_USER_PATHS = NO;
				CLANG_ANALYZER_NONNULL = YES;
				CLANG_ANALYZER_NUMBER_OBJECT_CONVERSION = YES_AGGRESSIVE;
				CLANG_CXX_LANGUAGE_STANDARD = "gnu++14";
				CLANG_CXX_LIBRARY = "libc++";
				CLANG_ENABLE_MODULES = YES;
				CLANG_ENABLE_OBJC_ARC = YES;
				CLANG_ENABLE_OBJC_WEAK = YES;
				CLANG_WARN_BLOCK_CAPTURE_AUTORELEASING = YES;
				CLANG_WARN_BOOL_CONVERSION = YES;
				CLANG_WARN_COMMA = YES;
				CLANG_WARN_CONSTANT_CONVERSION = YES;
				CLANG_WARN_DEPRECATED_OBJC_IMPLEMENTATIONS = YES;
				CLANG_WARN_DIRECT_OBJC_ISA_USAGE = YES_ERROR;
				CLANG_WARN_DOCUMENTATION_COMMENTS = YES;
				CLANG_WARN_EMPTY_BODY = YES;
				CLANG_WARN_ENUM_CONVERSION = YES;
				CLANG_WARN_INFINITE_RECURSION = YES;
				CLANG_WARN_INT_CONVERSION = YES;
				CLANG_WARN_NON_LITERAL_NULL_CONVERSION = YES;
				CLANG_WARN_OBJC_IMPLICIT_RETAIN_SELF = YES;
				CLANG_WARN_OBJC_LITERAL_CONVERSION = YES;
				CLANG_WARN_OBJC_ROOT_CLASS = YES_ERROR;
				CLANG_WARN_RANGE_LOOP_ANALYSIS = YES;
				CLANG_WARN_STRICT_PROTOTYPES = YES;
				CLANG_WARN_SUSPICIOUS_MOVE = YES;
				CLANG_WARN_UNGUARDED_AVAILABILITY = YES_AGGRESSIVE;
				CLANG_WARN_UNREACHABLE_CODE = YES;
				CLANG_WARN__DUPLICATE_METHOD_MATCH = YES;
				CODE_SIGN_IDENTITY = "iPhone Developer";
				COPY_PHASE_STRIP = NO;
				DEBUG_INFORMATION_FORMAT = dwarf;
				ENABLE_STRICT_OBJC_MSGSEND = YES;
				ENABLE_TESTABILITY = YES;
				GCC_C_LANGUAGE_STANDARD = gnu11;
				GCC_DYNAMIC_NO_PIC = NO;
				GCC_NO_COMMON_BLOCKS = YES;
				GCC_OPTIMIZATION_LEVEL = 0;
				GCC_PREPROCESSOR_DEFINITIONS = (
					"DEBUG=1",
					"$(inherited)",
				);
				GCC_WARN_64_TO_32_BIT_CONVERSION = YES;
				GCC_WARN_ABOUT_RETURN_TYPE = YES_ERROR;
				GCC_WARN_UNDECLARED_SELECTOR = YES;
				GCC_WARN_UNINITIALIZED_AUTOS = YES_AGGRESSIVE;
				GCC_WARN_UNUSED_FUNCTION = YES;
				GCC_WARN_UNUSED_VARIABLE = YES;
				IPHONEOS_DEPLOYMENT_TARGET = 12.0;
				MTL_ENABLE_DEBUG_INFO = INCLUDE_SOURCE;
				MTL_FAST_MATH = YES;
				ONLY_ACTIVE_ARCH = YES;
				SDKROOT = iphoneos;
				SWIFT_ACTIVE_COMPILATION_CONDITIONS = DEBUG;
				SWIFT_OPTIMIZATION_LEVEL = "-Onone";
			};
			name = Debug;
		};
		A82A2244215CFFCD00BF3EAE /* Release */ = {
			isa = XCBuildConfiguration;
			buildSettings = {
				ALWAYS_SEARCH_USER_PATHS = NO;
				CLANG_ANALYZER_NONNULL = YES;
				CLANG_ANALYZER_NUMBER_OBJECT_CONVERSION = YES_AGGRESSIVE;
				CLANG_CXX_LANGUAGE_STANDARD = "gnu++14";
				CLANG_CXX_LIBRARY = "libc++";
				CLANG_ENABLE_MODULES = YES;
				CLANG_ENABLE_OBJC_ARC = YES;
				CLANG_ENABLE_OBJC_WEAK = YES;
				CLANG_WARN_BLOCK_CAPTURE_AUTORELEASING = YES;
				CLANG_WARN_BOOL_CONVERSION = YES;
				CLANG_WARN_COMMA = YES;
				CLANG_WARN_CONSTANT_CONVERSION = YES;
				CLANG_WARN_DEPRECATED_OBJC_IMPLEMENTATIONS = YES;
				CLANG_WARN_DIRECT_OBJC_ISA_USAGE = YES_ERROR;
				CLANG_WARN_DOCUMENTATION_COMMENTS = YES;
				CLANG_WARN_EMPTY_BODY = YES;
				CLANG_WARN_ENUM_CONVERSION = YES;
				CLANG_WARN_INFINITE_RECURSION = YES;
				CLANG_WARN_INT_CONVERSION = YES;
				CLANG_WARN_NON_LITERAL_NULL_CONVERSION = YES;
				CLANG_WARN_OBJC_IMPLICIT_RETAIN_SELF = YES;
				CLANG_WARN_OBJC_LITERAL_CONVERSION = YES;
				CLANG_WARN_OBJC_ROOT_CLASS = YES_ERROR;
				CLANG_WARN_RANGE_LOOP_ANALYSIS = YES;
				CLANG_WARN_STRICT_PROTOTYPES = YES;
				CLANG_WARN_SUSPICIOUS_MOVE = YES;
				CLANG_WARN_UNGUARDED_AVAILABILITY = YES_AGGRESSIVE;
				CLANG_WARN_UNREACHABLE_CODE = YES;
				CLANG_WARN__DUPLICATE_METHOD_MATCH = YES;
				CODE_SIGN_IDENTITY = "iPhone Developer";
				COPY_PHASE_STRIP = NO;
				DEBUG_INFORMATION_FORMAT = "dwarf-with-dsym";
				ENABLE_NS_ASSERTIONS = NO;
				ENABLE_STRICT_OBJC_MSGSEND = YES;
				GCC_C_LANGUAGE_STANDARD = gnu11;
				GCC_NO_COMMON_BLOCKS = YES;
				GCC_WARN_64_TO_32_BIT_CONVERSION = YES;
				GCC_WARN_ABOUT_RETURN_TYPE = YES_ERROR;
				GCC_WARN_UNDECLARED_SELECTOR = YES;
				GCC_WARN_UNINITIALIZED_AUTOS = YES_AGGRESSIVE;
				GCC_WARN_UNUSED_FUNCTION = YES;
				GCC_WARN_UNUSED_VARIABLE = YES;
				IPHONEOS_DEPLOYMENT_TARGET = 12.0;
				MTL_ENABLE_DEBUG_INFO = NO;
				MTL_FAST_MATH = YES;
				SDKROOT = iphoneos;
				SWIFT_COMPILATION_MODE = wholemodule;
				SWIFT_OPTIMIZATION_LEVEL = "-O";
				VALIDATE_PRODUCT = YES;
			};
			name = Release;
		};
		A82A2246215CFFCD00BF3EAE /* Debug */ = {
			isa = XCBuildConfiguration;
			baseConfigurationReference = 6D8841F7D27DED28795CF06D /* Pods-Todoey.debug.xcconfig */;
			buildSettings = {
				ASSETCATALOG_COMPILER_APPICON_NAME = AppIcon;
				CODE_SIGN_STYLE = Automatic;
				DEVELOPMENT_TEAM = UAXCT92K5G;
				INFOPLIST_FILE = "$(SRCROOT)/Todoey/Supporting files/Info.plist";
				LD_RUNPATH_SEARCH_PATHS = (
					"$(inherited)",
					"@executable_path/Frameworks",
				);
				PRODUCT_BUNDLE_IDENTIFIER = com.Polyakov.Todoey;
				PRODUCT_NAME = "$(TARGET_NAME)";
				SWIFT_VERSION = 4.2;
				TARGETED_DEVICE_FAMILY = "1,2";
			};
			name = Debug;
		};
		A82A2247215CFFCD00BF3EAE /* Release */ = {
			isa = XCBuildConfiguration;
			baseConfigurationReference = 5AA219858165883C3D4D183E /* Pods-Todoey.release.xcconfig */;
			buildSettings = {
				ASSETCATALOG_COMPILER_APPICON_NAME = AppIcon;
				CODE_SIGN_STYLE = Automatic;
				DEVELOPMENT_TEAM = UAXCT92K5G;
				INFOPLIST_FILE = "$(SRCROOT)/Todoey/Supporting files/Info.plist";
				LD_RUNPATH_SEARCH_PATHS = (
					"$(inherited)",
					"@executable_path/Frameworks",
				);
				PRODUCT_BUNDLE_IDENTIFIER = com.Polyakov.Todoey;
				PRODUCT_NAME = "$(TARGET_NAME)";
				SWIFT_VERSION = 4.2;
				TARGETED_DEVICE_FAMILY = "1,2";
			};
			name = Release;
		};
/* End XCBuildConfiguration section */

/* Begin XCConfigurationList section */
		A82A222E215CFFCB00BF3EAE /* Build configuration list for PBXProject "Todoey" */ = {
			isa = XCConfigurationList;
			buildConfigurations = (
				A82A2243215CFFCD00BF3EAE /* Debug */,
				A82A2244215CFFCD00BF3EAE /* Release */,
			);
			defaultConfigurationIsVisible = 0;
			defaultConfigurationName = Release;
		};
		A82A2245215CFFCD00BF3EAE /* Build configuration list for PBXNativeTarget "Todoey" */ = {
			isa = XCConfigurationList;
			buildConfigurations = (
				A82A2246215CFFCD00BF3EAE /* Debug */,
				A82A2247215CFFCD00BF3EAE /* Release */,
			);
			defaultConfigurationIsVisible = 0;
			defaultConfigurationName = Release;
		};
/* End XCConfigurationList section */
	};
	rootObject = A82A222B215CFFCB00BF3EAE /* Project object */;
}
